{
    "name": "chevrotain_examples_grammars",
    "version": "0.1.0",
    "lockfileVersion": 1,
    "requires": true,
    "dependencies": {
        "acorn": {
            "version": "5.1.2",
            "resolved": "https://registry.npmjs.org/acorn/-/acorn-5.1.2.tgz",
            "integrity": "sha512-o96FZLJBPY1lvTuJylGA9Bk3t/GKPPJG8H0ydQQl01crzwJgspa4AEIq/pVTXigmK0PHVQhiAtn8WMBLL9D2WA==",
            "dev": true
        },
        "align-text": {
            "version": "0.1.4",
            "resolved": "https://registry.npmjs.org/align-text/-/align-text-0.1.4.tgz",
            "integrity": "sha1-DNkKVhCT810KmSVsIrcGlDP60Rc=",
            "dev": true,
            "requires": {
                "kind-of": "3.2.2",
                "longest": "1.0.1",
                "repeat-string": "1.6.1"
            }
        },
        "antlr4": {
            "version": "4.7.0",
            "resolved": "https://registry.npmjs.org/antlr4/-/antlr4-4.7.0.tgz",
            "integrity": "sha1-KX+VbdwG+DOX/AmQ7PLgzyC/u+4=",
            "dev": true
        },
        "babylon": {
            "version": "6.18.0",
            "resolved": "https://registry.npmjs.org/babylon/-/babylon-6.18.0.tgz",
            "integrity": "sha512-q/UEjfGJ2Cm3oKV71DJz9d25TPnq5rhBVL2Q4fA5wcC3jcrdn7+SssEybFIxwAvvP+YCsCYNKughoF33GxgycQ==",
            "dev": true
        },
        "balanced-match": {
            "version": "https://registry.npmjs.org/balanced-match/-/balanced-match-0.4.2.tgz",
            "integrity": "sha1-yz8+PHMtwPAe5wtAPzAuYddwmDg=",
            "dev": true
        },
        "benchmark": {
            "version": "2.1.4",
            "resolved": "https://registry.npmjs.org/benchmark/-/benchmark-2.1.4.tgz",
            "integrity": "sha1-CfPeMckWQl1JjMLuVloOvzwqVik=",
            "dev": true,
            "requires": {
                "lodash": "4.17.4",
                "platform": "1.3.4"
            },
            "dependencies": {
                "lodash": {
                    "version": "4.17.4",
                    "resolved": "https://registry.npmjs.org/lodash/-/lodash-4.17.4.tgz",
                    "integrity": "sha1-eCA6TRwyiuHYbcpkYONptX9AVa4=",
                    "dev": true
                }
            }
        },
        "brace-expansion": {
            "version": "https://registry.npmjs.org/brace-expansion/-/brace-expansion-1.1.7.tgz",
            "integrity": "sha1-Pv/DxQ4ABTH7cg6v+A8K6O8jz1k=",
            "dev": true,
            "requires": {
                "balanced-match": "https://registry.npmjs.org/balanced-match/-/balanced-match-0.4.2.tgz",
                "concat-map": "https://registry.npmjs.org/concat-map/-/concat-map-0.0.1.tgz"
            }
        },
        "browser-stdout": {
            "version": "https://registry.npmjs.org/browser-stdout/-/browser-stdout-1.3.0.tgz",
            "integrity": "sha1-81HTKWnTL6XXpVZxVCY9korjvR8=",
            "dev": true
        },
        "camelcase": {
            "version": "1.2.1",
            "resolved": "https://registry.npmjs.org/camelcase/-/camelcase-1.2.1.tgz",
            "integrity": "sha1-m7UwTS4LVmmLLHWLCKPqqdqlijk=",
            "dev": true
        },
        "center-align": {
            "version": "0.1.3",
            "resolved": "https://registry.npmjs.org/center-align/-/center-align-0.1.3.tgz",
            "integrity": "sha1-qg0yYptu6XIgBBHL1EYckHvCt60=",
            "dev": true,
            "requires": {
                "align-text": "0.1.4",
                "lazy-cache": "1.0.4"
            }
        },
        "chevrotain": {
            "version": "0.32.1",
            "resolved": "https://registry.npmjs.org/chevrotain/-/chevrotain-0.32.1.tgz",
            "integrity": "sha1-iBX4XD8cAbv+oiW2iac8HnzqC4s="
        },
        "cliui": {
            "version": "2.1.0",
            "resolved": "https://registry.npmjs.org/cliui/-/cliui-2.1.0.tgz",
            "integrity": "sha1-S0dXYP+AJkx2LDoXGQMukcf+oNE=",
            "dev": true,
            "requires": {
                "center-align": "0.1.3",
                "right-align": "0.1.3",
                "wordwrap": "0.0.2"
            }
        },
        "commander": {
            "version": "https://registry.npmjs.org/commander/-/commander-2.9.0.tgz",
            "integrity": "sha1-nJkJQXbhIkDLItbFFGCYQA/g99Q=",
            "dev": true,
            "requires": {
                "graceful-readlink": "https://registry.npmjs.org/graceful-readlink/-/graceful-readlink-1.0.1.tgz"
            }
        },
        "concat-map": {
            "version": "https://registry.npmjs.org/concat-map/-/concat-map-0.0.1.tgz",
            "integrity": "sha1-2Klr13/Wjfd5OnMDajug1UBdR3s=",
            "dev": true
        },
        "d": {
            "version": "1.0.0",
            "resolved": "https://registry.npmjs.org/d/-/d-1.0.0.tgz",
            "integrity": "sha1-dUu1v+VUUdpppYuU1F9MWwRi1Y8=",
            "dev": true,
            "requires": {
                "es5-ext": "0.10.30"
            }
        },
        "decamelize": {
            "version": "1.2.0",
            "resolved": "https://registry.npmjs.org/decamelize/-/decamelize-1.2.0.tgz",
            "integrity": "sha1-9lNNFRSCabIDUue+4m9QH5oZEpA=",
            "dev": true
        },
        "diff": {
            "version": "https://registry.npmjs.org/diff/-/diff-3.2.0.tgz",
            "integrity": "sha1-yc45Okt8vQsFinJck98pkCeGj/k=",
            "dev": true
        },
        "es5-ext": {
            "version": "0.10.30",
            "resolved": "https://registry.npmjs.org/es5-ext/-/es5-ext-0.10.30.tgz",
            "integrity": "sha1-cUGhaDZpfbq/qq7uQUlc4p9SyTk=",
            "dev": true,
            "requires": {
                "es6-iterator": "2.0.1",
                "es6-symbol": "3.1.1"
            }
        },
        "es6-iterator": {
            "version": "2.0.1",
            "resolved": "https://registry.npmjs.org/es6-iterator/-/es6-iterator-2.0.1.tgz",
            "integrity": "sha1-jjGcnwRTv1ddN0lAplWSDlnKVRI=",
            "dev": true,
            "requires": {
                "d": "1.0.0",
                "es5-ext": "0.10.30",
                "es6-symbol": "3.1.1"
            }
        },
        "es6-map": {
            "version": "0.1.5",
            "resolved": "https://registry.npmjs.org/es6-map/-/es6-map-0.1.5.tgz",
            "integrity": "sha1-kTbgUD3MBqMBaQ8LsU/042TpSfA=",
            "dev": true,
            "requires": {
                "d": "1.0.0",
                "es5-ext": "0.10.30",
                "es6-iterator": "2.0.1",
                "es6-set": "0.1.5",
                "es6-symbol": "3.1.1",
                "event-emitter": "0.3.5"
            }
        },
        "es6-set": {
            "version": "0.1.5",
            "resolved": "https://registry.npmjs.org/es6-set/-/es6-set-0.1.5.tgz",
            "integrity": "sha1-0rPsXU2ADO2BjbU40ol02wpzzLE=",
            "dev": true,
            "requires": {
                "d": "1.0.0",
                "es5-ext": "0.10.30",
                "es6-iterator": "2.0.1",
                "es6-symbol": "3.1.1",
                "event-emitter": "0.3.5"
            }
        },
        "es6-symbol": {
            "version": "3.1.1",
            "resolved": "https://registry.npmjs.org/es6-symbol/-/es6-symbol-3.1.1.tgz",
            "integrity": "sha1-vwDvT9q2uhtG7Le2KbTH7VcVzHc=",
            "dev": true,
            "requires": {
                "d": "1.0.0",
                "es5-ext": "0.10.30"
            }
        },
        "escape-string-regexp": {
            "version": "https://registry.npmjs.org/escape-string-regexp/-/escape-string-regexp-1.0.5.tgz",
            "integrity": "sha1-G2HAViGQqN/2rjuyzwIAyhMLhtQ=",
            "dev": true
        },
        "event-emitter": {
            "version": "0.3.5",
            "resolved": "https://registry.npmjs.org/event-emitter/-/event-emitter-0.3.5.tgz",
            "integrity": "sha1-34xp7vFkeSPHFXuc6DhAYQsCzDk=",
            "dev": true,
            "requires": {
                "d": "1.0.0",
                "es5-ext": "0.10.30"
            }
        },
        "fs.realpath": {
            "version": "https://registry.npmjs.org/fs.realpath/-/fs.realpath-1.0.0.tgz",
            "integrity": "sha1-FQStJSMVjKpA20onh8sBQRmU6k8=",
            "dev": true
        },
        "glob": {
            "version": "https://registry.npmjs.org/glob/-/glob-7.1.1.tgz",
            "integrity": "sha1-gFIR3wT6rxxjo2ADBs31reULLsg=",
            "dev": true,
            "requires": {
                "fs.realpath": "https://registry.npmjs.org/fs.realpath/-/fs.realpath-1.0.0.tgz",
                "inflight": "https://registry.npmjs.org/inflight/-/inflight-1.0.6.tgz",
                "inherits": "https://registry.npmjs.org/inherits/-/inherits-2.0.3.tgz",
                "minimatch": "https://registry.npmjs.org/minimatch/-/minimatch-3.0.4.tgz",
                "once": "https://registry.npmjs.org/once/-/once-1.4.0.tgz",
                "path-is-absolute": "https://registry.npmjs.org/path-is-absolute/-/path-is-absolute-1.0.1.tgz"
            }
        },
        "graceful-readlink": {
            "version": "https://registry.npmjs.org/graceful-readlink/-/graceful-readlink-1.0.1.tgz",
            "integrity": "sha1-TK+tdrxi8C+gObL5Tpo906ORpyU=",
            "dev": true
        },
        "growl": {
            "version": "https://registry.npmjs.org/growl/-/growl-1.9.2.tgz",
            "integrity": "sha1-Dqd0NxXbjY3ixe3hd14bRayFwC8=",
            "dev": true
        },
        "has-flag": {
            "version": "https://registry.npmjs.org/has-flag/-/has-flag-1.0.0.tgz",
            "integrity": "sha1-nZ55MWXOAXoA8AQYxD+UKnsdEfo=",
            "dev": true
        },
        "he": {
            "version": "1.1.1",
            "resolved": "https://registry.npmjs.org/he/-/he-1.1.1.tgz",
            "integrity": "sha1-k0EP0hsAlzUVH4howvJx80J+I/0=",
            "dev": true
        },
        "inflight": {
            "version": "https://registry.npmjs.org/inflight/-/inflight-1.0.6.tgz",
            "integrity": "sha1-Sb1jMdfQLQwJvJEKEHW6gWW1bfk=",
            "dev": true,
            "requires": {
                "once": "https://registry.npmjs.org/once/-/once-1.4.0.tgz",
                "wrappy": "https://registry.npmjs.org/wrappy/-/wrappy-1.0.2.tgz"
            }
        },
        "inherits": {
            "version": "https://registry.npmjs.org/inherits/-/inherits-2.0.3.tgz",
            "integrity": "sha1-Yzwsg+PaQqUC9SRmAiSA9CCCYd4=",
            "dev": true
        },
        "is-buffer": {
            "version": "1.1.5",
            "resolved": "https://registry.npmjs.org/is-buffer/-/is-buffer-1.1.5.tgz",
            "integrity": "sha1-Hzsm72E7IUuIy8ojzGwB2Hlh7sw=",
            "dev": true
        },
        "json3": {
            "version": "https://registry.npmjs.org/json3/-/json3-3.3.2.tgz",
            "integrity": "sha1-PAQ0dD35Pi9cQq7nsZvLSDV19OE=",
            "dev": true
        },
        "kind-of": {
            "version": "3.2.2",
            "resolved": "https://registry.npmjs.org/kind-of/-/kind-of-3.2.2.tgz",
            "integrity": "sha1-MeohpzS6ubuw8yRm2JOupR5KPGQ=",
            "dev": true,
            "requires": {
                "is-buffer": "1.1.5"
            }
        },
        "lazy-cache": {
            "version": "1.0.4",
            "resolved": "https://registry.npmjs.org/lazy-cache/-/lazy-cache-1.0.4.tgz",
            "integrity": "sha1-odePw6UEdMuAhF07O24dpJpEbo4=",
            "dev": true
        },
        "lodash": {
            "version": "4.17.4",
            "resolved": "https://registry.npmjs.org/lodash/-/lodash-4.17.4.tgz",
            "integrity": "sha1-eCA6TRwyiuHYbcpkYONptX9AVa4=",
            "dev": true
        },
        "lodash._baseassign": {
            "version": "https://registry.npmjs.org/lodash._baseassign/-/lodash._baseassign-3.2.0.tgz",
            "integrity": "sha1-jDigmVAPIVrQnlnxci/QxSv+Ck4=",
            "dev": true,
            "requires": {
                "lodash._basecopy": "https://registry.npmjs.org/lodash._basecopy/-/lodash._basecopy-3.0.1.tgz",
                "lodash.keys": "https://registry.npmjs.org/lodash.keys/-/lodash.keys-3.1.2.tgz"
            }
        },
        "lodash._basecopy": {
            "version": "https://registry.npmjs.org/lodash._basecopy/-/lodash._basecopy-3.0.1.tgz",
            "integrity": "sha1-jaDmqHbPNEwK2KVIghEd08XHyjY=",
            "dev": true
        },
        "lodash._basecreate": {
            "version": "https://registry.npmjs.org/lodash._basecreate/-/lodash._basecreate-3.0.3.tgz",
            "integrity": "sha1-G8ZhYU2qf8MRt9A78WgGoCE8+CE=",
            "dev": true
        },
        "lodash._getnative": {
            "version": "https://registry.npmjs.org/lodash._getnative/-/lodash._getnative-3.9.1.tgz",
            "integrity": "sha1-VwvH3t5G1hzc3mh9ZdPuy6o6r/U=",
            "dev": true
        },
        "lodash._isiterateecall": {
            "version": "https://registry.npmjs.org/lodash._isiterateecall/-/lodash._isiterateecall-3.0.9.tgz",
            "integrity": "sha1-UgOte6Ql+uhCRg5pbbnPPmqsBXw=",
            "dev": true
        },
        "lodash.create": {
            "version": "https://registry.npmjs.org/lodash.create/-/lodash.create-3.1.1.tgz",
            "integrity": "sha1-1/KEnw29p+BGgruM1yqwIkYd6+c=",
            "dev": true,
            "requires": {
                "lodash._baseassign": "https://registry.npmjs.org/lodash._baseassign/-/lodash._baseassign-3.2.0.tgz",
                "lodash._basecreate": "https://registry.npmjs.org/lodash._basecreate/-/lodash._basecreate-3.0.3.tgz",
                "lodash._isiterateecall": "https://registry.npmjs.org/lodash._isiterateecall/-/lodash._isiterateecall-3.0.9.tgz"
            }
        },
        "lodash.isarguments": {
            "version": "https://registry.npmjs.org/lodash.isarguments/-/lodash.isarguments-3.1.0.tgz",
            "integrity": "sha1-L1c9hcaiQon/AGY7SRwdM4/zRYo=",
            "dev": true
        },
        "lodash.isarray": {
            "version": "https://registry.npmjs.org/lodash.isarray/-/lodash.isarray-3.0.4.tgz",
            "integrity": "sha1-eeTriMNqgSKvhvhEqpvNhRtfu1U=",
            "dev": true
        },
        "lodash.keys": {
            "version": "https://registry.npmjs.org/lodash.keys/-/lodash.keys-3.1.2.tgz",
            "integrity": "sha1-TbwEcrFWvlCgsoaFXRvQsMZWCYo=",
            "dev": true,
            "requires": {
                "lodash._getnative": "https://registry.npmjs.org/lodash._getnative/-/lodash._getnative-3.9.1.tgz",
                "lodash.isarguments": "https://registry.npmjs.org/lodash.isarguments/-/lodash.isarguments-3.1.0.tgz",
                "lodash.isarray": "https://registry.npmjs.org/lodash.isarray/-/lodash.isarray-3.0.4.tgz"
            }
        },
        "longest": {
            "version": "1.0.1",
            "resolved": "https://registry.npmjs.org/longest/-/longest-1.0.1.tgz",
            "integrity": "sha1-MKCy2jj3N3DoKUoNIuZiXtd9AJc=",
            "dev": true
        },
        "minimatch": {
            "version": "https://registry.npmjs.org/minimatch/-/minimatch-3.0.4.tgz",
            "integrity": "sha1-UWbihkV/AzBgZL5Ul+jbsMPTIIM=",
            "dev": true,
            "requires": {
                "brace-expansion": "https://registry.npmjs.org/brace-expansion/-/brace-expansion-1.1.7.tgz"
            }
        },
        "minimist": {
            "version": "https://registry.npmjs.org/minimist/-/minimist-0.0.8.tgz",
            "integrity": "sha1-hX/Kv8M5fSYluCKCYuhqp6ARsF0=",
            "dev": true
        },
        "mkdirp": {
            "version": "https://registry.npmjs.org/mkdirp/-/mkdirp-0.5.1.tgz",
            "integrity": "sha1-MAV0OOrGz3+MR2fzhkjWaX11yQM=",
            "dev": true,
            "requires": {
                "minimist": "https://registry.npmjs.org/minimist/-/minimist-0.0.8.tgz"
            }
        },
        "mocha": {
            "version": "3.5.3",
            "resolved": "https://registry.npmjs.org/mocha/-/mocha-3.5.3.tgz",
            "integrity": "sha512-/6na001MJWEtYxHOV1WLfsmR4YIynkUEhBwzsb+fk2qmQ3iqsi258l/Q2MWHJMImAcNpZ8DEdYAK72NHoIQ9Eg==",
            "dev": true,
            "requires": {
                "browser-stdout": "https://registry.npmjs.org/browser-stdout/-/browser-stdout-1.3.0.tgz",
                "commander": "https://registry.npmjs.org/commander/-/commander-2.9.0.tgz",
                "debug": "2.6.8",
                "diff": "https://registry.npmjs.org/diff/-/diff-3.2.0.tgz",
                "escape-string-regexp": "https://registry.npmjs.org/escape-string-regexp/-/escape-string-regexp-1.0.5.tgz",
                "glob": "https://registry.npmjs.org/glob/-/glob-7.1.1.tgz",
                "growl": "https://registry.npmjs.org/growl/-/growl-1.9.2.tgz",
                "he": "1.1.1",
                "json3": "https://registry.npmjs.org/json3/-/json3-3.3.2.tgz",
                "lodash.create": "https://registry.npmjs.org/lodash.create/-/lodash.create-3.1.1.tgz",
                "mkdirp": "https://registry.npmjs.org/mkdirp/-/mkdirp-0.5.1.tgz",
                "supports-color": "https://registry.npmjs.org/supports-color/-/supports-color-3.1.2.tgz"
            },
            "dependencies": {
                "debug": {
                    "version": "2.6.8",
                    "resolved": "https://registry.npmjs.org/debug/-/debug-2.6.8.tgz",
                    "integrity": "sha1-5zFTHKLt4n0YgiJCfaF4IdaP9Pw=",
                    "dev": true,
                    "requires": {
                        "ms": "2.0.0"
                    }
                },
                "ms": {
                    "version": "2.0.0",
                    "resolved": "https://registry.npmjs.org/ms/-/ms-2.0.0.tgz",
                    "integrity": "sha1-VgiurfwAvmwpAd9fmGF4jeDVl8g=",
                    "dev": true
                }
            }
        },
        "multimap": {
            "version": "0.1.1",
            "resolved": "https://registry.npmjs.org/multimap/-/multimap-0.1.1.tgz",
            "integrity": "sha1-UY6eIVIK++Vq4zwMI1PpnVPj1fw=",
            "dev": true
        },
        "ohm-js": {
            "version": "0.13.1",
            "resolved": "https://registry.npmjs.org/ohm-js/-/ohm-js-0.13.1.tgz",
            "integrity": "sha1-bJH3FRYRfpRD/hSxes3PCpJjc/A=",
            "dev": true,
            "requires": {
                "es6-symbol": "3.1.1",
                "inherits": "2.0.3",
                "is-buffer": "1.1.5",
                "util-extend": "1.0.3"
            },
            "dependencies": {
                "inherits": {
                    "version": "2.0.3",
                    "resolved": "https://registry.npmjs.org/inherits/-/inherits-2.0.3.tgz",
                    "integrity": "sha1-Yzwsg+PaQqUC9SRmAiSA9CCCYd4=",
                    "dev": true
                }
            }
        },
        "once": {
            "version": "https://registry.npmjs.org/once/-/once-1.4.0.tgz",
            "integrity": "sha1-WDsap3WWHUsROsF9nFC6753Xa9E=",
            "dev": true,
            "requires": {
                "wrappy": "https://registry.npmjs.org/wrappy/-/wrappy-1.0.2.tgz"
            }
        },
        "path-is-absolute": {
            "version": "https://registry.npmjs.org/path-is-absolute/-/path-is-absolute-1.0.1.tgz",
            "integrity": "sha1-F0uSaHNVNP+8es5r9TpanhtcX18=",
            "dev": true
        },
        "platform": {
            "version": "1.3.4",
            "resolved": "https://registry.npmjs.org/platform/-/platform-1.3.4.tgz",
            "integrity": "sha1-bw+xftqqSPIUQrOpdcBjEw8cPr0=",
            "dev": true
        },
        "repeat-string": {
            "version": "1.6.1",
            "resolved": "https://registry.npmjs.org/repeat-string/-/repeat-string-1.6.1.tgz",
            "integrity": "sha1-jcrkcOHIirwtYA//Sndihtp15jc=",
            "dev": true
        },
        "right-align": {
            "version": "0.1.3",
            "resolved": "https://registry.npmjs.org/right-align/-/right-align-0.1.3.tgz",
            "integrity": "sha1-YTObci/mo1FWiSENJOFMlhSGE+8=",
            "dev": true,
            "requires": {
                "align-text": "0.1.4"
            }
        },
        "shift-ast": {
            "version": "4.0.0",
            "resolved": "https://registry.npmjs.org/shift-ast/-/shift-ast-4.0.0.tgz",
            "integrity": "sha1-HUFSoq3ShkSlKusuDIfYkl09l/8=",
            "dev": true
        },
        "shift-parser": {
            "version": "5.2.1",
            "resolved": "https://registry.npmjs.org/shift-parser/-/shift-parser-5.2.1.tgz",
            "integrity": "sha1-0PGWJu0Un0GD0QysL4bpWlnUYZo=",
            "dev": true,
            "requires": {
                "es6-map": "0.1.5",
                "multimap": "0.1.1",
                "shift-ast": "4.0.0",
                "shift-reducer": "4.0.1"
            }
        },
        "shift-reducer": {
            "version": "4.0.1",
            "resolved": "https://registry.npmjs.org/shift-reducer/-/shift-reducer-4.0.1.tgz",
            "integrity": "sha1-McM0FP9UqgqZfSs/wlQWL1xaG3U=",
            "dev": true,
            "requires": {
                "shift-ast": "4.0.0"
            }
        },
        "source-map": {
            "version": "0.5.7",
            "resolved": "https://registry.npmjs.org/source-map/-/source-map-0.5.7.tgz",
            "integrity": "sha1-igOdLRAh0i0eoUyA2OpGi6LvP8w=",
            "dev": true
        },
        "supports-color": {
            "version": "https://registry.npmjs.org/supports-color/-/supports-color-3.1.2.tgz",
            "integrity": "sha1-cqJiiU2dQIuVbKBf83su2KbiotU=",
            "dev": true,
            "requires": {
                "has-flag": "https://registry.npmjs.org/has-flag/-/has-flag-1.0.0.tgz"
            }
        },
        "typescript": {
            "version": "2.5.2",
            "resolved": "https://registry.npmjs.org/typescript/-/typescript-2.5.2.tgz",
            "integrity": "sha1-A4qV99m7tCCxvzW6MdTFwd0//jQ=",
            "dev": true
        },
        "uglify-js": {
            "version": "2.8.29",
            "resolved": "https://registry.npmjs.org/uglify-js/-/uglify-js-2.8.29.tgz",
            "integrity": "sha1-KcVzMUgFe7Th913zW3qcty5qWd0=",
            "dev": true,
            "requires": {
                "source-map": "0.5.7",
                "uglify-to-browserify": "1.0.2",
                "yargs": "3.10.0"
            }
        },
        "uglify-to-browserify": {
            "version": "1.0.2",
            "resolved": "https://registry.npmjs.org/uglify-to-browserify/-/uglify-to-browserify-1.0.2.tgz",
            "integrity": "sha1-bgkk1r2mta/jSeOabWMoUKD4grc=",
            "dev": true,
            "optional": true
        },
        "util-extend": {
            "version": "1.0.3",
            "resolved": "https://registry.npmjs.org/util-extend/-/util-extend-1.0.3.tgz",
            "integrity": "sha1-p8IW0mdUUWljeztu3GypEZ4v+T8=",
            "dev": true
        },
        "window-size": {
            "version": "0.1.0",
            "resolved": "https://registry.npmjs.org/window-size/-/window-size-0.1.0.tgz",
            "integrity": "sha1-VDjNLqk7IC76Ohn+iIeu58lPnJ0=",
            "dev": true
        },
        "wordwrap": {
            "version": "0.0.2",
            "resolved": "https://registry.npmjs.org/wordwrap/-/wordwrap-0.0.2.tgz",
            "integrity": "sha1-t5Zpu0LstAn4PVg8rVLKF+qhZD8=",
            "dev": true
        },
        "wrappy": {
            "version": "https://registry.npmjs.org/wrappy/-/wrappy-1.0.2.tgz",
            "integrity": "sha1-tSQ9jz7BqjXxNkYFvA0QNuMKtp8=",
            "dev": true
        },
        "xregexp": {
            "version": "3.2.0",
            "resolved": "https://registry.npmjs.org/xregexp/-/xregexp-3.2.0.tgz",
            "integrity": "sha1-yzYBmHv+JpW1hAAMGPHEqMMih44=",
            "dev": true
        },
        "yargs": {
            "version": "3.10.0",
            "resolved": "https://registry.npmjs.org/yargs/-/yargs-3.10.0.tgz",
            "integrity": "sha1-9+572FfdfB0tOMDnTvvWgdFDH9E=",
            "dev": true,
            "requires": {
                "camelcase": "1.2.1",
                "cliui": "2.1.0",
                "decamelize": "1.2.0",
                "window-size": "0.1.0"
            }
        }
    }
}
