# THIS IS AN AUTOGENERATED FILE. DO NOT EDIT THIS FILE DIRECTLY.
# yarn lockfile v1


"@esbuild/darwin-x64@0.24.0":
  version "0.24.0"
  resolved "https://registry.npmjs.org/@esbuild/darwin-x64/-/darwin-x64-0.24.0.tgz"
  integrity sha512-rgtz6flkVkh58od4PwTRqxbKH9cOjaXCMZgWD905JOzjFKW+7EiUObfd/Kav+A6Gyud6WZk9w+xu6QLytdi2OA==

"@peggyjs/from-mem@1.3.4":
  version "1.3.4"
  resolved "https://registry.npmjs.org/@peggyjs/from-mem/-/from-mem-1.3.4.tgz"
  integrity sha512-6DqaCO73ihyM2AJ2Vl4QQGmmU3MoD4hFh0RFRzxPdLkSLfE0QMEyDfaojE/R3KbsL1UP4VQyJA2clwX4agSTBw==
  dependencies:
    semver "7.6.3"

amdefine@>=0.0.4:
  version "1.0.1"
  resolved "https://registry.npmjs.org/amdefine/-/amdefine-1.0.1.tgz"
  integrity sha512-S2Hw0TtNkMJhIabBwIojKL9YHO5T0n5eNqWJ7Lrlel/zDbftQpxpapi8tZs3X1HWa+u+QeydGmzzNU0m09+Rcg==

antlr4@4.13.2:
  version "4.13.2"
  resolved "https://registry.npmjs.org/antlr4/-/antlr4-4.13.2.tgz"
  integrity sha512-QiVbZhyy4xAZ17UPEuG3YTOt8ZaoeOR1CvEAqrEsDBsOqINslaB147i9xqljZqoyf5S+EUlGStaj+t22LT9MOg==

chevrotain@^0.31.0:
  version "0.31.0"
  resolved "https://registry.npmjs.org/chevrotain/-/chevrotain-0.31.0.tgz"
  integrity sha512-zWytbx9MGGpZ7hkGh0WUOJthf/YMlUZVxXtaPorvGEcrnYocrCR/RWKyAd8rExbtLA7m8gX7AUaUSzFZYu3cdQ==

cjson@0.3.0:
  version "0.3.0"
  resolved "https://registry.npmjs.org/cjson/-/cjson-0.3.0.tgz"
  integrity sha512-bBRQcCIHzI1IVH59fR0bwGrFmi3Btb/JNwM/n401i1DnYgWndpsUBiQRAddLflkZage20A2d25OAWZZk0vBRlA==
  dependencies:
    jsonlint "1.6.0"

colors@0.5.x:
  version "0.5.1"
  resolved "https://registry.npmjs.org/colors/-/colors-0.5.1.tgz"
  integrity sha512-XjsuUwpDeY98+yz959OlUK6m7mLBM+1MEG5oaenfuQnNnrQk1WvtcvFgN3FNDP3f2NmZ211t0mNEfSEN1h0eIg==

commander@^12.1.0:
  version "12.1.0"
  resolved "https://registry.npmjs.org/commander/-/commander-12.1.0.tgz"
  integrity sha512-Vw8qHK3bZM9y/P10u3Vib8o/DdkvA2OtPtZvD871QKjy74Wj1WSKFILMPRPSdUSx5RFK1arlJzEtA4PkFgnbuA==

commander@^2.19.0:
  version "2.20.0"
  resolved "https://registry.npmjs.org/commander/-/commander-2.20.0.tgz"
  integrity sha512-7j2y+40w61zy6YC2iRNpUe/NwhNyoXrYpHMrSunaMG64nRnaf96zO/KMQR4OyN/UnE5KLyEBnKHd4aG3rskjpQ==

discontinuous-range@1.0.0:
  version "1.0.0"
  resolved "https://registry.npmjs.org/discontinuous-range/-/discontinuous-range-1.0.0.tgz"
  integrity sha512-c68LpLbO+7kP/b1Hr1qs8/BJ09F5khZGTxqxZuhzxpmwJKOgRFHJWIb9/KmqnqHhLdO55aOxFH/EGBvUQbL/RQ==

ebnf-parser@0.1.10:
  version "0.1.10"
  resolved "https://registry.npmjs.org/ebnf-parser/-/ebnf-parser-0.1.10.tgz"
  integrity sha512-urvSxVQ6XJcoTpc+/x2pWhhuOX4aljCNQpwzw+ifZvV1andZkAmiJc3Rq1oGEAQmcjiLceyMXOy1l8ms8qs2fQ==

esbuild@0.24.0:
  version "0.24.0"
  resolved "https://registry.npmjs.org/esbuild/-/esbuild-0.24.0.tgz"
  integrity sha512-FuLPevChGDshgSicjisSooU0cemp/sGXR841D5LHMB7mTVOmsEHcAxaH3irL53+8YDIeVNQEySh4DaYU/iuPqQ==
  optionalDependencies:
    "@esbuild/aix-ppc64" "0.24.0"
    "@esbuild/android-arm" "0.24.0"
    "@esbuild/android-arm64" "0.24.0"
    "@esbuild/android-x64" "0.24.0"
    "@esbuild/darwin-arm64" "0.24.0"
    "@esbuild/darwin-x64" "0.24.0"
    "@esbuild/freebsd-arm64" "0.24.0"
    "@esbuild/freebsd-x64" "0.24.0"
    "@esbuild/linux-arm" "0.24.0"
    "@esbuild/linux-arm64" "0.24.0"
    "@esbuild/linux-ia32" "0.24.0"
    "@esbuild/linux-loong64" "0.24.0"
    "@esbuild/linux-mips64el" "0.24.0"
    "@esbuild/linux-ppc64" "0.24.0"
    "@esbuild/linux-riscv64" "0.24.0"
    "@esbuild/linux-s390x" "0.24.0"
    "@esbuild/linux-x64" "0.24.0"
    "@esbuild/netbsd-x64" "0.24.0"
    "@esbuild/openbsd-arm64" "0.24.0"
    "@esbuild/openbsd-x64" "0.24.0"
    "@esbuild/sunos-x64" "0.24.0"
    "@esbuild/win32-arm64" "0.24.0"
    "@esbuild/win32-ia32" "0.24.0"
    "@esbuild/win32-x64" "0.24.0"

escodegen@1.3.x:
  version "1.3.3"
  resolved "https://registry.npmjs.org/escodegen/-/escodegen-1.3.3.tgz"
  integrity sha512-z9FWgKc48wjMlpzF5ymKS1AF8OIgnKLp9VyN7KbdtyrP/9lndwUFqCtMm+TAJmJf7KJFFYc4cFJfVTTGkKEwsA==
  dependencies:
    esprima "~1.1.1"
    estraverse "~1.5.0"
    esutils "~1.0.0"
  optionalDependencies:
    source-map "~0.1.33"

esprima@~1.1.1, esprima@1.1.x:
  version "1.1.1"
  resolved "https://registry.npmjs.org/esprima/-/esprima-1.1.1.tgz"
  integrity sha512-qxxB994/7NtERxgXdFgLHIs9M6bhLXc6qtUmWZ3L8+gTQ9qaoyki2887P2IqAYsoENyr8SUbTutStDniOHSDHg==

estraverse@~1.5.0:
  version "1.5.1"
  resolved "https://registry.npmjs.org/estraverse/-/estraverse-1.5.1.tgz"
  integrity sha512-FpCjJDfmo3vsc/1zKSeqR5k42tcIhxFIlvq+h9j0fO2q/h2uLKyweq7rYJ+0CoVvrGQOxIS5wyBrW/+vF58BUQ==

esutils@~1.0.0:
  version "1.0.0"
  resolved "https://registry.npmjs.org/esutils/-/esutils-1.0.0.tgz"
  integrity sha512-x/iYH53X3quDwfHRz4y8rn4XcEwwCJeWsul9pF1zldMbGtgOtMNBEOuYWwB1EQlK2LRa1fev3YAgym/RElp5Cg==

fs-extra@^5.0.0:
  version "5.0.0"
  resolved "https://registry.npmjs.org/fs-extra/-/fs-extra-5.0.0.tgz"
  integrity sha512-66Pm4RYbjzdyeuqudYqhFiNBbCIuI9kgRqLPSHIlXHidW8NIQtVdkM1yeZ4lXwuhbTETv3EUGMNHAAw6hiundQ==
  dependencies:
    graceful-fs "^4.1.2"
    jsonfile "^4.0.0"
    universalify "^0.1.0"

gitty@^3.3.2:
  version "3.6.0"
  resolved "https://registry.npmjs.org/gitty/-/gitty-3.6.0.tgz"
  integrity sha512-P2PNSEUYHWNHyTCRZkiTV/0czaufDI0pKJRWm+ip6KNoAi5nCcEvllq56xhIfBvKB9LfmOdUFRpwT0XAwcFMFw==

graceful-fs@^4.1.2, graceful-fs@^4.1.6:
  version "4.1.11"
  resolved "https://registry.npmjs.org/graceful-fs/-/graceful-fs-4.1.11.tgz"
  integrity sha512-9x6DLUuW+ROFdMTII9ec9t/FK8va6kYcC8/LggumssLM8kNv7IdFl3VrNUqgir2tJuBVxBga1QBoRziZacO5Zg==

jison-lex@*, jison-lex@0.3.x:
  version "0.3.4"
  resolved "https://registry.npmjs.org/jison-lex/-/jison-lex-0.3.4.tgz"
  integrity sha512-EBh5wrXhls1cUwROd5DcDHR1sG7CdsCFSqY1027+YA1RGxz+BX2TDLAhdsQf40YEtFDGoiO0Qm8PpnBl2EzDJw==
  dependencies:
    lex-parser "0.1.x"
    nomnom "1.5.2"

jison@*:
  version "0.4.18"
  resolved "https://registry.npmjs.org/jison/-/jison-0.4.18.tgz"
  integrity sha512-FKkCiJvozgC7VTHhMJ00a0/IApSxhlGsFIshLW6trWJ8ONX2TQJBBz6DlcO1Gffy4w9LT+uL+PA+CVnUSJMF7w==
  dependencies:
    cjson "0.3.0"
    ebnf-parser "0.1.10"
    escodegen "1.3.x"
    esprima "1.1.x"
    jison-lex "0.3.x"
    JSONSelect "0.4.0"
    lex-parser "~0.1.3"
    nomnom "1.5.2"

jsonfile@^2.2.3:
  version "2.4.0"
  resolved "https://registry.npmjs.org/jsonfile/-/jsonfile-2.4.0.tgz"
  integrity sha512-PKllAqbgLgxHaj8TElYymKCAgrASebJrWpTnEkOaTowt23VKXXN0sUeriJ+eh7y6ufb/CC5ap11pz71/cM0hUw==
  optionalDependencies:
    graceful-fs "^4.1.6"

jsonfile@^4.0.0:
  version "4.0.0"
  resolved "https://registry.npmjs.org/jsonfile/-/jsonfile-4.0.0.tgz"
  integrity sha512-m6F1R3z8jjlf2imQHS2Qez5sjKWQzbuuhuJ/FKYFRZvPE3PuHcSMVZzfsLhGVOkfd20obL5SWEBew5ShlquNxg==
  optionalDependencies:
    graceful-fs "^4.1.6"

jsonlint@1.6.0:
  version "1.6.0"
  resolved "https://registry.npmjs.org/jsonlint/-/jsonlint-1.6.0.tgz"
  integrity sha512-x6YLBe6NjdpmIeiklwQOxsZuYj/SOWkT33GlTpaG1UdFGjdWjPcxJ1CWZAX3wA7tarz8E2YHF6KiW5HTapPlXw==
  dependencies:
    JSV ">= 4.0.x"
    nomnom ">= 1.5.x"

JSONSelect@0.4.0:
  version "0.4.0"
  resolved "https://registry.npmjs.org/JSONSelect/-/JSONSelect-0.4.0.tgz"
  integrity sha512-VRLR3Su35MH+XV2lrvh9O7qWoug/TUyj9tLDjn9rtpUCNnILLrHjgd/tB0KrhugCxUpj3UqoLqfYb3fLJdIQQQ==

"JSV@>= 4.0.x":
  version "4.0.2"
  resolved "https://registry.npmjs.org/JSV/-/JSV-4.0.2.tgz"
  integrity sha512-ZJ6wx9xaKJ3yFUhq5/sk82PJMuUyLk277I8mQeyDgCTjGdjWJIvPfaU5LIXaMuaN2UO1X3kZH4+lgphublZUHw==

lex-parser@~0.1.3, lex-parser@0.1.x:
  version "0.1.4"
  resolved "https://registry.npmjs.org/lex-parser/-/lex-parser-0.1.4.tgz"
  integrity sha512-DuAEISsr1H4LOpmFLkyMc8YStiRWZCO8hMsoXAXSbgyfvs2WQhSt0+/FBv3ZU/JBFZMGcE+FWzEBSzwUU7U27w==

lodash@^3.10.1:
  version "3.10.1"
  resolved "https://registry.npmjs.org/lodash/-/lodash-3.10.1.tgz"
  integrity sha512-9mDDwqVIma6OZX79ZlDACZl8sBm0TEnkf99zV3iMA4GzkIT/9hiqP5mY0HoT1iNLCrKc/R1HByV+yJfRWVJryQ==

moo@^0.5.0:
  version "0.5.1"
  resolved "https://registry.npmjs.org/moo/-/moo-0.5.1.tgz"
  integrity sha512-I1mnb5xn4fO80BH9BLcF0yLypy2UKl+Cb01Fu0hJRkJjlCRtxZMWkTdAtDd5ZqCOxtCkhmRwyI57vWT+1iZ67w==

nearley@2.20.1:
  version "2.20.1"
  resolved "https://registry.npmjs.org/nearley/-/nearley-2.20.1.tgz"
  integrity sha512-+Mc8UaAebFzgV+KpI5n7DasuuQCHA89dmwm7JXw3TV43ukfNQ9DnBH3Mdb2g/I4Fdxc26pwimBWvjIw0UAILSQ==
  dependencies:
    commander "^2.19.0"
    moo "^0.5.0"
    railroad-diagrams "^1.0.0"
    randexp "0.4.6"

"nomnom@>= 1.5.x", nomnom@1.5.2:
  version "1.5.2"
  resolved "https://registry.npmjs.org/nomnom/-/nomnom-1.5.2.tgz"
  integrity sha512-fiVbT7BqxiQqjlR9U3FDGOSERFCKoXVCdxV2FwZuNN7/cmJ42iQx35nUFOAFDcyvemu9Adp+IlsCGlKQYLmBKw==
  dependencies:
    colors "0.5.x"
    underscore "1.1.x"

peggy@4.1.1:
  version "4.1.1"
  resolved "https://registry.npmjs.org/peggy/-/peggy-4.1.1.tgz"
  integrity sha512-2emciJQKahHJpT7f1asizGSnJ8bq0TKgWMXnCrtAaSH1NIXaGifYxL5m5KMrCdlaqaQJz3SVexNkx+I+Vz66VA==
  dependencies:
    "@peggyjs/from-mem" "1.3.4"
    commander "^12.1.0"
    source-map-generator "0.8.0"

prettier@3.3.3:
  version "3.3.3"
  resolved "https://registry.npmjs.org/prettier/-/prettier-3.3.3.tgz"
  integrity sha512-i2tDNA0O5IrMO757lfrdQZCc2jPNDVntV0m/+4whiDfWaTKfMNgR7Qz0NAeGz/nRqF4m5/6CLzbP4/liHt12Ew==

print-tree@^0.1.5:
  version "0.1.5"
  resolved "https://registry.npmjs.org/print-tree/-/print-tree-0.1.5.tgz"
  integrity sha512-t5eFtuheMgWGR3kj1vtxsvfWrrecEEWow3IgEtbW0EPbYRufHAvB+ShK1DgRjWxEYYEqO4B6DNlkoPmh7E3LGQ==

railroad-diagrams@^1.0.0:
  version "1.0.0"
  resolved "https://registry.npmjs.org/railroad-diagrams/-/railroad-diagrams-1.0.0.tgz"
  integrity sha512-cz93DjNeLY0idrCNOH6PviZGRN9GJhsdm9hpn1YCS879fj4W+x5IFJhhkRZcwVgMmFF7R82UA/7Oh+R8lLZg6A==

randexp@0.4.6:
  version "0.4.6"
  resolved "https://registry.npmjs.org/randexp/-/randexp-0.4.6.tgz"
  integrity sha512-80WNmd9DA0tmZrw9qQa62GPPWfuXJknrmVmLcxvq4uZBdYqb1wYoKTmnlGUchvVWe0XiLupYkBoXVOxz3C8DYQ==
  dependencies:
    discontinuous-range "1.0.0"
    ret "~0.1.10"

recursive-descent@^0.1.2:
  version "0.1.2"
  resolved "https://registry.npmjs.org/recursive-descent/-/recursive-descent-0.1.2.tgz"
  integrity sha512-RFN7yTbOXDG9oBd4dSs7LfDThU2lF+IEL/YHK/Ilu6oK/ch9wyt9OWwoCEEULC2pqcZ4ZhUTwloHKI1Ikfo6Dg==
  dependencies:
    print-tree "^0.1.5"

ret@~0.1.10:
  version "0.1.15"
  resolved "https://registry.npmjs.org/ret/-/ret-0.1.15.tgz"
  integrity sha512-TTlYpa+OL+vMMNG24xSlQGEJ3B/RzEfUlLct7b5G/ytav+wPrplCpVMFuwzXbkecJrb6IYo1iFb0S9v37754mg==

semver@7.6.3:
  version "7.6.3"
  resolved "https://registry.npmjs.org/semver/-/semver-7.6.3.tgz"
  integrity sha512-oVekP1cKtI+CTDvHWYFUcMtsK/00wmAEfyqKfNdARm8u1wNVhSgaX7A8d4UuIlUI5e84iEwOhs7ZPYRmzU9U6A==

source-map-generator@0.8.0:
  version "0.8.0"
  resolved "https://registry.npmjs.org/source-map-generator/-/source-map-generator-0.8.0.tgz"
  integrity sha512-psgxdGMwl5MZM9S3FWee4EgsEaIjahYV5AzGnwUvPhWeITz/j6rKpysQHlQ4USdxvINlb8lKfWGIXwfkrgtqkA==

source-map@~0.1.33:
  version "0.1.43"
  resolved "https://registry.npmjs.org/source-map/-/source-map-0.1.43.tgz"
  integrity sha512-VtCvB9SIQhk3aF6h+N85EaqIaBFIAfZ9Cu+NJHHVvc8BbEcnvDcFw6sqQ2dQrT6SlOrZq3tIvyD9+EGq/lJryQ==
  dependencies:
    amdefine ">=0.0.4"

underscore@1.1.x:
  version "1.1.7"
  resolved "https://registry.npmjs.org/underscore/-/underscore-1.1.7.tgz"
  integrity sha512-w4QtCHoLBXw1mjofIDoMyexaEdWGMedWNDhlWTtT1V1lCRqi65Pnoygkh6+WRdr+Bm8ldkBNkNeCsXGMlQS9HQ==

universalify@^0.1.0:
  version "0.1.1"
  resolved "https://registry.npmjs.org/universalify/-/universalify-0.1.1.tgz"
  integrity sha512-MVi79HEPwGk0grI7/Kl6H51fX7wcDTe6gGoCdK22pkRG6IPsi9L6NltClWJfBLUoIE5y3pKy3SplFAs/b0G+QQ==

wrench@^1.5.8:
  version "1.5.9"
  resolved "https://registry.npmjs.org/wrench/-/wrench-1.5.9.tgz"
  integrity sha512-QH+8W9n0UGDAxnRDOkQzG1N277GTaBgMDNdckluqnAY773njfs1gfo867IbMMbGjOZZof+zlRIUeQ9XN8VUHUQ==
